// !$*UTF8*$!
{
	archiveVersion = 1;
	classes = {
	};
	objectVersion = 46;
	objects = {

/* Begin PBXBuildFile section */
		3F30115C1D6D8A6F00D1FA43 /* main.m in Sources */ = {isa = PBXBuildFile; fileRef = 3F30115B1D6D8A6F00D1FA43 /* main.m */; };
		3F3011641D6D8A8800D1FA43 /* ClientSocket.m in Sources */ = {isa = PBXBuildFile; fileRef = 3F3011631D6D8A8800D1FA43 /* ClientSocket.m */; };
/* End PBXBuildFile section */

/* Begin PBXCopyFilesBuildPhase section */
		3F3011561D6D8A6F00D1FA43 /* CopyFiles */ = {
			isa = PBXCopyFilesBuildPhase;
			buildActionMask = 2147483647;
			dstPath = /usr/share/man/man1/;
			dstSubfolderSpec = 0;
			files = (
			);
			runOnlyForDeploymentPostprocessing = 1;
		};
/* End PBXCopyFilesBuildPhase section */

/* Begin PBXFileReference section */
		3F3011581D6D8A6F00D1FA43 /* Socket_Client */ = {isa = PBXFileReference; explicitFileType = "compiled.mach-o.executable"; includeInIndex = 0; path = Socket_Client; sourceTree = BUILT_PRODUCTS_DIR; };
		3F30115B1D6D8A6F00D1FA43 /* main.m */ = {isa = PBXFileReference; lastKnownFileType = sourcecode.c.objc; path = main.m; sourceTree = "<group>"; };
		3F3011621D6D8A8800D1FA43 /* ClientSocket.h */ = {isa = PBXFileReference; fileEncoding = 4; lastKnownFileType = sourcecode.c.h; path = ClientSocket.h; sourceTree = "<group>"; };
		3F3011631D6D8A8800D1FA43 /* ClientSocket.m */ = {isa = PBXFileReference; fileEncoding = 4; lastKnownFileType = sourcecode.c.objc; path = ClientSocket.m; sourceTree = "<group>"; };
/* End PBXFileReference section */

/* Begin PBXFrameworksBuildPhase section */
		3F3011551D6D8A6F00D1FA43 /* Frameworks */ = {
			isa = PBXFrameworksBuildPhase;
			buildActionMask = 2147483647;
			files = (
			);
			runOnlyForDeploymentPostprocessing = 0;
		};
/* End PBXFrameworksBuildPhase section */

/* Begin PBXGroup section */
		3F30114F1D6D8A6F00D1FA43 = {
			isa = PBXGroup;
			children = (
				3F30115A1D6D8A6F00D1FA43 /* Socket_Client */,
				3F3011591D6D8A6F00D1FA43 /* Products */,
			);
			sourceTree = "<group>";
		};
		3F3011591D6D8A6F00D1FA43 /* Products */ = {
			isa = PBXGroup;
			children = (
				3F3011581D6D8A6F00D1FA43 /* Socket_Client */,
			);
			name = Products;
			sourceTree = "<group>";
		};
		3F30115A1D6D8A6F00D1FA43 /* Socket_Client */ = {
			isa = PBXGroup;
			children = (
				3F30115B1D6D8A6F00D1FA43 /* main.m */,
				3F3011621D6D8A8800D1FA43 /* ClientSocket.h */,
				3F3011631D6D8A8800D1FA43 /* ClientSocket.m */,
			);
			path = Socket_Client;
			sourceTree = "<group>";
		};
/* End PBXGroup section */

/* Begin PBXNativeTarget section */
		3F3011571D6D8A6F00D1FA43 /* Socket_Client */ = {
			isa = PBXNativeTarget;
			buildConfigurationList = 3F30115F1D6D8A6F00D1FA43 /* Build configuration list for PBXNativeTarget "Socket_Client" */;
			buildPhases = (
				3F3011541D6D8A6F00D1FA43 /* Sources */,
				3F3011551D6D8A6F00D1FA43 /* Frameworks */,
				3F3011561D6D8A6F00D1FA43 /* CopyFiles */,
			);
			buildRules = (
			);
			dependencies = (
			);
			name = Socket_Client;
			productName = Socket_Client;
			productReference = 3F3011581D6D8A6F00D1FA43 /* Socket_Client */;
			productType = "com.apple.product-type.tool";
		};
/* End PBXNativeTarget section */

/* Begin PBXProject section */
		3F3011501D6D8A6F00D1FA43 /* Project object */ = {
			isa = PBXProject;
			attributes = {
				LastUpgradeCheck = 0730;
				ORGANIZATIONNAME = lan;
				TargetAttributes = {
					3F3011571D6D8A6F00D1FA43 = {
						CreatedOnToolsVersion = 7.3.1;
					};
				};
			};
			buildConfigurationList = 3F3011531D6D8A6F00D1FA43 /* Build configuration list for PBXProject "Socket_Client" */;
			compatibilityVersion = "Xcode 3.2";
			developmentRegion = English;
			hasScannedForEncodings = 0;
			knownRegions = (
				en,
			);
			mainGroup = 3F30114F1D6D8A6F00D1FA43;
			productRefGroup = 3F3011591D6D8A6F00D1FA43 /* Products */;
			projectDirPath = "";
			projectRoot = "";
			targets = (
				3F3011571D6D8A6F00D1FA43 /* Socket_Client */,
			);
		};
/* End PBXProject section */

/* Begin PBXSourcesBuildPhase section */
		3F3011541D6D8A6F00D1FA43 /* Sources */ = {
			isa = PBXSourcesBuildPhase;
			buildActionMask = 2147483647;
			files = (
				3F30115C1D6D8A6F00D1FA43 /* main.m in Sources */,
				3F3011641D6D8A8800D1FA43 /* ClientSocket.m in Sources */,
			);
			runOnlyForDeploymentPostprocessing = 0;
		};
/* End PBXSourcesBuildPhase section */

/* Begin XCBuildConfiguration section */
		3F30115D1D6D8A6F00D1FA43 /* Debug */ = {
			isa = XCBuildConfiguration;
			buildSettings = {
				ALWAYS_SEARCH_USER_PATHS = NO;
				CLANG_ANALYZER_NONNULL = YES;
				CLANG_CXX_LANGUAGE_STANDARD = "gnu++0x";
				CLANG_CXX_LIBRARY = "libc++";
				CLANG_ENABLE_MODULES = YES;
				CLANG_ENABLE_OBJC_ARC = YES;
				CLANG_WARN_BOOL_CONVERSION = YES;
				CLANG_WARN_CONSTANT_CONVERSION = YES;
				CLANG_WARN_DIRECT_OBJC_ISA_USAGE = YES_ERROR;
				CLANG_WARN_EMPTY_BODY = YES;
				CLANG_WARN_ENUM_CONVERSION = YES;
				CLANG_WARN_INT_CONVERSION = YES;
				CLANG_WARN_OBJC_ROOT_CLASS = YES_ERROR;
				CLANG_WARN_UNREACHABLE_CODE = YES;
				CLANG_WARN__DUPLICATE_METHOD_MATCH = YES;
				CODE_SIGN_IDENTITY = "-";
				COPY_PHASE_STRIP = NO;
				DEBUG_INFORMATION_FORMAT = dwarf;
				ENABLE_STRICT_OBJC_MSGSEND = YES;
				ENABLE_TESTABILITY = YES;
				GCC_C_LANGUAGE_STANDARD = gnu99;
				GCC_DYNAMIC_NO_PIC = NO;
				GCC_NO_COMMON_BLOCKS = YES;
				GCC_OPTIMIZATION_LEVEL = 0;
				GCC_PREPROCESSOR_DEFINITIONS = (
					"DEBUG=1",
					"$(inherited)",
				);
				GCC_WARN_64_TO_32_BIT_CONVERSION = YES;
				GCC_WARN_ABOUT_RETURN_TYPE = YES_ERROR;
				GCC_WARN_UNDECLARED_SELECTOR = YES;
				GCC_WARN_UNINITIALIZED_AUTOS = YES_AGGRESSIVE;
				GCC_WARN_UNUSED_FUNCTION = YES;
				GCC_WARN_UNUSED_VARIABLE = YES;
				MACOSX_DEPLOYMENT_TARGET = 10.11;
				MTL_ENABLE_DEBUG_INFO = YES;
				ONLY_ACTIVE_ARCH = YES;
				SDKROOT = macosx;
			};
			name = Debug;
		};
		3F30115E1D6D8A6F00D1FA43 /* Release */ = {
			isa = XCBuildConfiguration;
			buildSettings = {
				ALWAYS_SEARCH_USER_PATHS = NO;
				CLANG_ANALYZER_NONNULL = YES;
				CLANG_CXX_LANGUAGE_STANDARD = "gnu++0x";
				CLANG_CXX_LIBRARY = "libc++";
				CLANG_ENABLE_MODULES = YES;
				CLANG_ENABLE_OBJC_ARC = YES;
				CLANG_WARN_BOOL_CONVERSION = YES;
				CLANG_WARN_CONSTANT_CONVERSION = YES;
				CLANG_WARN_DIRECT_OBJC_ISA_USAGE = YES_ERROR;
				CLANG_WARN_EMPTY_BODY = YES;
				CLANG_WARN_ENUM_CONVERSION = YES;
				CLANG_WARN_INT_CONVERSION = YES;
				CLANG_WARN_OBJC_ROOT_CLASS = YES_ERROR;
				CLANG_WARN_UNREACHABLE_CODE = YES;
				CLANG_WARN__DUPLICATE_METHOD_MATCH = YES;
				CODE_SIGN_IDENTITY = "-";
				COPY_PHASE_STRIP = NO;
				DEBUG_INFORMATION_FORMAT = "dwarf-with-dsym";
				ENABLE_NS_ASSERTIONS = NO;
				ENABLE_STRICT_OBJC_MSGSEND = YES;
				GCC_C_LANGUAGE_STANDARD = gnu99;
				GCC_NO_COMMON_BLOCKS = YES;
				GCC_WARN_64_TO_32_BIT_CONVERSION = YES;
				GCC_WARN_ABOUT_RETURN_TYPE = YES_ERROR;
				GCC_WARN_UNDECLARED_SELECTOR = YES;
				GCC_WARN_UNINITIALIZED_AUTOS = YES_AGGRESSIVE;
				GCC_WARN_UNUSED_FUNCTION = YES;
				GCC_WARN_UNUSED_VARIABLE = YES;
				MACOSX_DEPLOYMENT_TARGET = 10.11;
				MTL_ENABLE_DEBUG_INFO = NO;
				SDKROOT = macosx;
			};
			name = Release;
		};
		3F3011601D6D8A6F00D1FA43 /* Debug */ = {
			isa = XCBuildConfiguration;
			buildSettings = {
				PRODUCT_NAME = "$(TARGET_NAME)";
			};
			name = Debug;
		};
		3F3011611D6D8A6F00D1FA43 /* Release */ = {
			isa = XCBuildConfiguration;
			buildSettings = {
				PRODUCT_NAME = "$(TARGET_NAME)";
			};
			name = Release;
		};
/* End XCBuildConfiguration section */

/* Begin XCConfigurationList section */
		3F3011531D6D8A6F00D1FA43 /* Build configuration list for PBXProject "Socket_Client" */ = {
			isa = XCConfigurationList;
			buildConfigurations = (
				3F30115D1D6D8A6F00D1FA43 /* Debug */,
				3F30115E1D6D8A6F00D1FA43 /* Release */,
			);
			defaultConfigurationIsVisible = 0;
			defaultConfigurationName = Release;
		};
		3F30115F1D6D8A6F00D1FA43 /* Build configuration list for PBXNativeTarget "Socket_Client" */ = {
			isa = XCConfigurationList;
			buildConfigurations = (
				3F3011601D6D8A6F00D1FA43 /* Debug */,
				3F3011611D6D8A6F00D1FA43 /* Release */,
			);
			defaultConfigurationIsVisible = 0;
		};
/* End XCConfigurationList section */
	};
	rootObject = 3F3011501D6D8A6F00D1FA43 /* Project object */;
}
